
Microsoft Visual Studio Solution File, Format Version 12.00
# Visual Studio Version 17
VisualStudioVersion = 17.8.34330.188
MinimumVisualStudioVersion = 10.0.40219.1
Project("{9A19103F-16F7-4668-BE54-9A1E7A4F7556}") = "DataGuardian2", "DataGuardian2\DataGuardian2.csproj", "{289898CE-CA35-48D2-8831-BA81CC83B45E}"
EndProject
Global
	GlobalSection(SolutionConfigurationPlatforms) = preSolution
		Debug|Any CPU = Debug|Any CPU
		Release|Any CPU = Release|Any CPU
	EndGlobalSection
	GlobalSection(ProjectConfigurationPlatforms) = postSolution
		{289898CE-CA35-48D2-8831-BA81CC83B45E}.Debug|Any CPU.ActiveCfg = Debug|Any CPU
		{289898CE-CA35-48D2-8831-BA81CC83B45E}.Debug|Any CPU.Build.0 = Debug|Any CPU
		{289898CE-CA35-48D2-8831-BA81CC83B45E}.Release|Any CPU.ActiveCfg = Release|Any CPU
		{289898CE-CA35-48D2-8831-BA81CC83B45E}.Release|Any CPU.Build.0 = Release|Any CPU
	EndGlobalSection
	GlobalSection(SolutionProperties) = preSolution
		HideSolutionNode = FALSE
	EndGlobalSection
	GlobalSection(ExtensibilityGlobals) = postSolution
		SolutionGuid = {867AB46E-7D23-4E0F-B5B4-47AF85DEF7F8}
	EndGlobalSection
EndGlobal
